// !$*UTF8*$!
{
	archiveVersion = 1;
	classes = {
	};
	objectVersion = 46;
	objects = {

/* Begin PBXBuildFile section */
		184EB9921E10CFE200E8C5F5 /* AppDelegate.swift in Sources */ = {isa = PBXBuildFile; fileRef = 184EB9911E10CFE200E8C5F5 /* AppDelegate.swift */; };
		184EB9971E10CFE200E8C5F5 /* Main.storyboard in Resources */ = {isa = PBXBuildFile; fileRef = 184EB9951E10CFE200E8C5F5 /* Main.storyboard */; };
		184EB99C1E10CFE200E8C5F5 /* Assets.xcassets in Resources */ = {isa = PBXBuildFile; fileRef = 184EB99B1E10CFE200E8C5F5 /* Assets.xcassets */; };
		184EB99F1E10CFE200E8C5F5 /* LaunchScreen.storyboard in Resources */ = {isa = PBXBuildFile; fileRef = 184EB99D1E10CFE200E8C5F5 /* LaunchScreen.storyboard */; };
		184EB9A91E10D6DE00E8C5F5 /* MRT.json in Resources */ = {isa = PBXBuildFile; fileRef = 184EB9A71E10D6DE00E8C5F5 /* MRT.json */; };
		184EB9AB1E10E87600E8C5F5 /* TableViewController.swift in Sources */ = {isa = PBXBuildFile; fileRef = 184EB9AA1E10E87600E8C5F5 /* TableViewController.swift */; };
		184EB9AD1E1124FC00E8C5F5 /* TableViewCell.swift in Sources */ = {isa = PBXBuildFile; fileRef = 184EB9AC1E1124FC00E8C5F5 /* TableViewCell.swift */; };
		184EB9AF1E1138D200E8C5F5 /* ViewController.swift in Sources */ = {isa = PBXBuildFile; fileRef = 184EB9AE1E1138D200E8C5F5 /* ViewController.swift */; };
		C3376F4BEEEA051F086EC3D3 /* Pods_hw3___MRT_Stations.framework in Frameworks */ = {isa = PBXBuildFile; fileRef = 40F3C19A2A88FFF30549A7AE /* Pods_hw3___MRT_Stations.framework */; };
/* End PBXBuildFile section */

/* Begin PBXFileReference section */
		184EB98E1E10CFE200E8C5F5 /* hw3 - MRT Stations.app */ = {isa = PBXFileReference; explicitFileType = wrapper.application; includeInIndex = 0; path = "hw3 - MRT Stations.app"; sourceTree = BUILT_PRODUCTS_DIR; };
		184EB9911E10CFE200E8C5F5 /* AppDelegate.swift */ = {isa = PBXFileReference; lastKnownFileType = sourcecode.swift; path = AppDelegate.swift; sourceTree = "<group>"; };
		184EB9961E10CFE200E8C5F5 /* Base */ = {isa = PBXFileReference; lastKnownFileType = file.storyboard; name = Base; path = Base.lproj/Main.storyboard; sourceTree = "<group>"; };
		184EB99B1E10CFE200E8C5F5 /* Assets.xcassets */ = {isa = PBXFileReference; lastKnownFileType = folder.assetcatalog; path = Assets.xcassets; sourceTree = "<group>"; };
		184EB99E1E10CFE200E8C5F5 /* Base */ = {isa = PBXFileReference; lastKnownFileType = file.storyboard; name = Base; path = Base.lproj/LaunchScreen.storyboard; sourceTree = "<group>"; };
		184EB9A01E10CFE200E8C5F5 /* Info.plist */ = {isa = PBXFileReference; lastKnownFileType = text.plist.xml; path = Info.plist; sourceTree = "<group>"; };
		184EB9A71E10D6DE00E8C5F5 /* MRT.json */ = {isa = PBXFileReference; fileEncoding = 4; lastKnownFileType = text.json; path = MRT.json; sourceTree = "<group>"; };
		184EB9AA1E10E87600E8C5F5 /* TableViewController.swift */ = {isa = PBXFileReference; fileEncoding = 4; lastKnownFileType = sourcecode.swift; path = TableViewController.swift; sourceTree = "<group>"; };
		184EB9AC1E1124FC00E8C5F5 /* TableViewCell.swift */ = {isa = PBXFileReference; fileEncoding = 4; lastKnownFileType = sourcecode.swift; path = TableViewCell.swift; sourceTree = "<group>"; };
		184EB9AE1E1138D200E8C5F5 /* ViewController.swift */ = {isa = PBXFileReference; fileEncoding = 4; lastKnownFileType = sourcecode.swift; path = ViewController.swift; sourceTree = "<group>"; };
		40F3C19A2A88FFF30549A7AE /* Pods_hw3___MRT_Stations.framework */ = {isa = PBXFileReference; explicitFileType = wrapper.framework; includeInIndex = 0; path = "Pods_hw3___MRT_Stations.framework"; sourceTree = BUILT_PRODUCTS_DIR; };
		90F1F6D6A0A2E95C18CE5B6D /* Pods-hw3 - MRT Stations.debug.xcconfig */ = {isa = PBXFileReference; includeInIndex = 1; lastKnownFileType = text.xcconfig; name = "Pods-hw3 - MRT Stations.debug.xcconfig"; path = "Pods/Target Support Files/Pods-hw3 - MRT Stations/Pods-hw3 - MRT Stations.debug.xcconfig"; sourceTree = "<group>"; };
		E182FCD4D7111291EA998FC3 /* Pods-hw3 - MRT Stations.release.xcconfig */ = {isa = PBXFileReference; includeInIndex = 1; lastKnownFileType = text.xcconfig; name = "Pods-hw3 - MRT Stations.release.xcconfig"; path = "Pods/Target Support Files/Pods-hw3 - MRT Stations/Pods-hw3 - MRT Stations.release.xcconfig"; sourceTree = "<group>"; };
/* End PBXFileReference section */

/* Begin PBXFrameworksBuildPhase section */
		184EB98B1E10CFE200E8C5F5 /* Frameworks */ = {
			isa = PBXFrameworksBuildPhase;
			buildActionMask = 2147483647;
			files = (
				C3376F4BEEEA051F086EC3D3 /* Pods_hw3___MRT_Stations.framework in Frameworks */,
			);
			runOnlyForDeploymentPostprocessing = 0;
		};
/* End PBXFrameworksBuildPhase section */

/* Begin PBXGroup section */
		184EB9851E10CFE200E8C5F5 = {
			isa = PBXGroup;
			children = (
				184EB9901E10CFE200E8C5F5 /* hw3 - MRT Stations */,
				184EB98F1E10CFE200E8C5F5 /* Products */,
				F4490225202E0620EBBA4D0E /* Pods */,
				5985CD6496C526B4D9976A01 /* Frameworks */,
			);
			sourceTree = "<group>";
		};
		184EB98F1E10CFE200E8C5F5 /* Products */ = {
			isa = PBXGroup;
			children = (
				184EB98E1E10CFE200E8C5F5 /* hw3 - MRT Stations.app */,
			);
			name = Products;
			sourceTree = "<group>";
		};
		184EB9901E10CFE200E8C5F5 /* hw3 - MRT Stations */ = {
			isa = PBXGroup;
			children = (
				184EB9911E10CFE200E8C5F5 /* AppDelegate.swift */,
				184EB9AC1E1124FC00E8C5F5 /* TableViewCell.swift */,
				184EB9AA1E10E87600E8C5F5 /* TableViewController.swift */,
				184EB9AE1E1138D200E8C5F5 /* ViewController.swift */,
				184EB9A71E10D6DE00E8C5F5 /* MRT.json */,
				184EB9951E10CFE200E8C5F5 /* Main.storyboard */,
				184EB99B1E10CFE200E8C5F5 /* Assets.xcassets */,
				184EB99D1E10CFE200E8C5F5 /* LaunchScreen.storyboard */,
				184EB9A01E10CFE200E8C5F5 /* Info.plist */,
			);
			path = "hw3 - MRT Stations";
			sourceTree = "<group>";
		};
		5985CD6496C526B4D9976A01 /* Frameworks */ = {
			isa = PBXGroup;
			children = (
				40F3C19A2A88FFF30549A7AE /* Pods_hw3___MRT_Stations.framework */,
			);
			name = Frameworks;
			sourceTree = "<group>";
		};
		F4490225202E0620EBBA4D0E /* Pods */ = {
			isa = PBXGroup;
			children = (
				90F1F6D6A0A2E95C18CE5B6D /* Pods-hw3 - MRT Stations.debug.xcconfig */,
				E182FCD4D7111291EA998FC3 /* Pods-hw3 - MRT Stations.release.xcconfig */,
			);
			name = Pods;
			sourceTree = "<group>";
		};
/* End PBXGroup section */

/* Begin PBXNativeTarget section */
		184EB98D1E10CFE200E8C5F5 /* hw3 - MRT Stations */ = {
			isa = PBXNativeTarget;
			buildConfigurationList = 184EB9A31E10CFE200E8C5F5 /* Build configuration list for PBXNativeTarget "hw3 - MRT Stations" */;
			buildPhases = (
				14D88E9B6B61CDF700579746 /* [CP] Check Pods Manifest.lock */,
				184EB98A1E10CFE200E8C5F5 /* Sources */,
				184EB98B1E10CFE200E8C5F5 /* Frameworks */,
				184EB98C1E10CFE200E8C5F5 /* Resources */,
				8F6C1CC9C3EFDCF758D80734 /* [CP] Embed Pods Frameworks */,
				7552F4E247A49E0D5221CA7F /* [CP] Copy Pods Resources */,
			);
			buildRules = (
			);
			dependencies = (
			);
			name = "hw3 - MRT Stations";
			productName = "hw3 - MRT Stations";
			productReference = 184EB98E1E10CFE200E8C5F5 /* hw3 - MRT Stations.app */;
			productType = "com.apple.product-type.application";
		};
/* End PBXNativeTarget section */

/* Begin PBXProject section */
		184EB9861E10CFE200E8C5F5 /* Project object */ = {
			isa = PBXProject;
			attributes = {
				LastSwiftUpdateCheck = 0800;
				LastUpgradeCheck = 0800;
				ORGANIZATIONNAME = JACK;
				TargetAttributes = {
					184EB98D1E10CFE200E8C5F5 = {
						CreatedOnToolsVersion = 8.0;
						ProvisioningStyle = Automatic;
					};
				};
			};
			buildConfigurationList = 184EB9891E10CFE200E8C5F5 /* Build configuration list for PBXProject "hw3 - MRT Stations" */;
			compatibilityVersion = "Xcode 3.2";
			developmentRegion = English;
			hasScannedForEncodings = 0;
			knownRegions = (
				en,
				Base,
			);
			mainGroup = 184EB9851E10CFE200E8C5F5;
			productRefGroup = 184EB98F1E10CFE200E8C5F5 /* Products */;
			projectDirPath = "";
			projectRoot = "";
			targets = (
				184EB98D1E10CFE200E8C5F5 /* hw3 - MRT Stations */,
			);
		};
/* End PBXProject section */

/* Begin PBXResourcesBuildPhase section */
		184EB98C1E10CFE200E8C5F5 /* Resources */ = {
			isa = PBXResourcesBuildPhase;
			buildActionMask = 2147483647;
			files = (
				184EB99F1E10CFE200E8C5F5 /* LaunchScreen.storyboard in Resources */,
				184EB99C1E10CFE200E8C5F5 /* Assets.xcassets in Resources */,
				184EB9971E10CFE200E8C5F5 /* Main.storyboard in Resources */,
				184EB9A91E10D6DE00E8C5F5 /* MRT.json in Resources */,
			);
			runOnlyForDeploymentPostprocessing = 0;
		};
/* End PBXResourcesBuildPhase section */

/* Begin PBXShellScriptBuildPhase section */
		14D88E9B6B61CDF700579746 /* [CP] Check Pods Manifest.lock */ = {
			isa = PBXShellScriptBuildPhase;
			buildActionMask = 2147483647;
			files = (
			);
			inputPaths = (
			);
			name = "[CP] Check Pods Manifest.lock";
			outputPaths = (
			);
			runOnlyForDeploymentPostprocessing = 0;
			shellPath = /bin/sh;
			shellScript = "diff \"${PODS_ROOT}/../Podfile.lock\" \"${PODS_ROOT}/Manifest.lock\" > /dev/null\nif [ $? != 0 ] ; then\n    # print error to STDERR\n    echo \"error: The sandbox is not in sync with the Podfile.lock. Run 'pod install' or update your CocoaPods installation.\" >&2\n    exit 1\nfi\n";
			showEnvVarsInLog = 0;
		};
		7552F4E247A49E0D5221CA7F /* [CP] Copy Pods Resources */ = {
			isa = PBXShellScriptBuildPhase;
			buildActionMask = 2147483647;
			files = (
			);
			inputPaths = (
			);
			name = "[CP] Copy Pods Resources";
			outputPaths = (
			);
			runOnlyForDeploymentPostprocessing = 0;
			shellPath = /bin/sh;
			shellScript = "\"${SRCROOT}/Pods/Target Support Files/Pods-hw3 - MRT Stations/Pods-hw3 - MRT Stations-resources.sh\"\n";
			showEnvVarsInLog = 0;
		};
		8F6C1CC9C3EFDCF758D80734 /* [CP] Embed Pods Frameworks */ = {
			isa = PBXShellScriptBuildPhase;
			buildActionMask = 2147483647;
			files = (
			);
			inputPaths = (
			);
			name = "[CP] Embed Pods Frameworks";
			outputPaths = (
			);
			runOnlyForDeploymentPostprocessing = 0;
			shellPath = /bin/sh;
			shellScript = "\"${SRCROOT}/Pods/Target Support Files/Pods-hw3 - MRT Stations/Pods-hw3 - MRT Stations-frameworks.sh\"\n";
			showEnvVarsInLog = 0;
		};
/* End PBXShellScriptBuildPhase section */

/* Begin PBXSourcesBuildPhase section */
		184EB98A1E10CFE200E8C5F5 /* Sources */ = {
			isa = PBXSourcesBuildPhase;
			buildActionMask = 2147483647;
			files = (
				184EB9AD1E1124FC00E8C5F5 /* TableViewCell.swift in Sources */,
				184EB9921E10CFE200E8C5F5 /* AppDelegate.swift in Sources */,
				184EB9AF1E1138D200E8C5F5 /* ViewController.swift in Sources */,
				184EB9AB1E10E87600E8C5F5 /* TableViewController.swift in Sources */,
			);
			runOnlyForDeploymentPostprocessing = 0;
		};
/* End PBXSourcesBuildPhase section */

/* Begin PBXVariantGroup section */
		184EB9951E10CFE200E8C5F5 /* Main.storyboard */ = {
			isa = PBXVariantGroup;
			children = (
				184EB9961E10CFE200E8C5F5 /* Base */,
			);
			name = Main.storyboard;
			sourceTree = "<group>";
		};
		184EB99D1E10CFE200E8C5F5 /* LaunchScreen.storyboard */ = {
			isa = PBXVariantGroup;
			children = (
				184EB99E1E10CFE200E8C5F5 /* Base */,
			);
			name = LaunchScreen.storyboard;
			sourceTree = "<group>";
		};
/* End PBXVariantGroup section */

/* Begin XCBuildConfiguration section */
		184EB9A11E10CFE200E8C5F5 /* Debug */ = {
			isa = XCBuildConfiguration;
			buildSettings = {
				ALWAYS_SEARCH_USER_PATHS = NO;
				CLANG_ANALYZER_NONNULL = YES;
				CLANG_CXX_LANGUAGE_STANDARD = "gnu++0x";
				CLANG_CXX_LIBRARY = "libc++";
				CLANG_ENABLE_MODULES = YES;
				CLANG_ENABLE_OBJC_ARC = YES;
				CLANG_WARN_BOOL_CONVERSION = YES;
				CLANG_WARN_CONSTANT_CONVERSION = YES;
				CLANG_WARN_DIRECT_OBJC_ISA_USAGE = YES_ERROR;
				CLANG_WARN_DOCUMENTATION_COMMENTS = YES;
				CLANG_WARN_EMPTY_BODY = YES;
				CLANG_WARN_ENUM_CONVERSION = YES;
				CLANG_WARN_INFINITE_RECURSION = YES;
				CLANG_WARN_INT_CONVERSION = YES;
				CLANG_WARN_OBJC_ROOT_CLASS = YES_ERROR;
				CLANG_WARN_SUSPICIOUS_MOVES = YES;
				CLANG_WARN_UNREACHABLE_CODE = YES;
				CLANG_WARN__DUPLICATE_METHOD_MATCH = YES;
				"CODE_SIGN_IDENTITY[sdk=iphoneos*]" = "iPhone Developer";
				COPY_PHASE_STRIP = NO;
				DEBUG_INFORMATION_FORMAT = dwarf;
				ENABLE_STRICT_OBJC_MSGSEND = YES;
				ENABLE_TESTABILITY = YES;
				GCC_C_LANGUAGE_STANDARD = gnu99;
				GCC_DYNAMIC_NO_PIC = NO;
				GCC_NO_COMMON_BLOCKS = YES;
				GCC_OPTIMIZATION_LEVEL = 0;
				GCC_PREPROCESSOR_DEFINITIONS = (
					"DEBUG=1",
					"$(inherited)",
				);
				GCC_WARN_64_TO_32_BIT_CONVERSION = YES;
				GCC_WARN_ABOUT_RETURN_TYPE = YES_ERROR;
				GCC_WARN_UNDECLARED_SELECTOR = YES;
				GCC_WARN_UNINITIALIZED_AUTOS = YES_AGGRESSIVE;
				GCC_WARN_UNUSED_FUNCTION = YES;
				GCC_WARN_UNUSED_VARIABLE = YES;
				IPHONEOS_DEPLOYMENT_TARGET = 10.0;
				MTL_ENABLE_DEBUG_INFO = YES;
				ONLY_ACTIVE_ARCH = YES;
				SDKROOT = iphoneos;
				SWIFT_ACTIVE_COMPILATION_CONDITIONS = DEBUG;
				SWIFT_OPTIMIZATION_LEVEL = "-Onone";
				TARGETED_DEVICE_FAMILY = "1,2";
			};
			name = Debug;
		};
		184EB9A21E10CFE200E8C5F5 /* Release */ = {
			isa = XCBuildConfiguration;
			buildSettings = {
				ALWAYS_SEARCH_USER_PATHS = NO;
				CLANG_ANALYZER_NONNULL = YES;
				CLANG_CXX_LANGUAGE_STANDARD = "gnu++0x";
				CLANG_CXX_LIBRARY = "libc++";
				CLANG_ENABLE_MODULES = YES;
				CLANG_ENABLE_OBJC_ARC = YES;
				CLANG_WARN_BOOL_CONVERSION = YES;
				CLANG_WARN_CONSTANT_CONVERSION = YES;
				CLANG_WARN_DIRECT_OBJC_ISA_USAGE = YES_ERROR;
				CLANG_WARN_DOCUMENTATION_COMMENTS = YES;
				CLANG_WARN_EMPTY_BODY = YES;
				CLANG_WARN_ENUM_CONVERSION = YES;
				CLANG_WARN_INFINITE_RECURSION = YES;
				CLANG_WARN_INT_CONVERSION = YES;
				CLANG_WARN_OBJC_ROOT_CLASS = YES_ERROR;
				CLANG_WARN_SUSPICIOUS_MOVES = YES;
				CLANG_WARN_UNREACHABLE_CODE = YES;
				CLANG_WARN__DUPLICATE_METHOD_MATCH = YES;
				"CODE_SIGN_IDENTITY[sdk=iphoneos*]" = "iPhone Developer";
				COPY_PHASE_STRIP = NO;
				DEBUG_INFORMATION_FORMAT = "dwarf-with-dsym";
				ENABLE_NS_ASSERTIONS = NO;
				ENABLE_STRICT_OBJC_MSGSEND = YES;
				GCC_C_LANGUAGE_STANDARD = gnu99;
				GCC_NO_COMMON_BLOCKS = YES;
				GCC_WARN_64_TO_32_BIT_CONVERSION = YES;
				GCC_WARN_ABOUT_RETURN_TYPE = YES_ERROR;
				GCC_WARN_UNDECLARED_SELECTOR = YES;
				GCC_WARN_UNINITIALIZED_AUTOS = YES_AGGRESSIVE;
				GCC_WARN_UNUSED_FUNCTION = YES;
				GCC_WARN_UNUSED_VARIABLE = YES;
				IPHONEOS_DEPLOYMENT_TARGET = 10.0;
				MTL_ENABLE_DEBUG_INFO = NO;
				SDKROOT = iphoneos;
				SWIFT_OPTIMIZATION_LEVEL = "-Owholemodule";
				TARGETED_DEVICE_FAMILY = "1,2";
				VALIDATE_PRODUCT = YES;
			};
			name = Release;
		};
		184EB9A41E10CFE200E8C5F5 /* Debug */ = {
			isa = XCBuildConfiguration;
			baseConfigurationReference = 90F1F6D6A0A2E95C18CE5B6D /* Pods-hw3 - MRT Stations.debug.xcconfig */;
			buildSettings = {
				ASSETCATALOG_COMPILER_APPICON_NAME = AppIcon;
				INFOPLIST_FILE = "hw3 - MRT Stations/Info.plist";
				LD_RUNPATH_SEARCH_PATHS = "$(inherited) @executable_path/Frameworks";
				PRODUCT_BUNDLE_IDENTIFIER = "jack.hw3---MRT-Stations";
				PRODUCT_NAME = "$(TARGET_NAME)";
				SWIFT_VERSION = 3.0;
			};
			name = Debug;
		};
		184EB9A51E10CFE200E8C5F5 /* Release */ = {
			isa = XCBuildConfiguration;
			baseConfigurationReference = E182FCD4D7111291EA998FC3 /* Pods-hw3 - MRT Stations.release.xcconfig */;
			buildSettings = {
				ASSETCATALOG_COMPILER_APPICON_NAME = AppIcon;
				INFOPLIST_FILE = "hw3 - MRT Stations/Info.plist";
				LD_RUNPATH_SEARCH_PATHS = "$(inherited) @executable_path/Frameworks";
				PRODUCT_BUNDLE_IDENTIFIER = "jack.hw3---MRT-Stations";
				PRODUCT_NAME = "$(TARGET_NAME)";
				SWIFT_VERSION = 3.0;
			};
			name = Release;
		};
/* End XCBuildConfiguration section */

/* Begin XCConfigurationList section */
		184EB9891E10CFE200E8C5F5 /* Build configuration list for PBXProject "hw3 - MRT Stations" */ = {
			isa = XCConfigurationList;
			buildConfigurations = (
				184EB9A11E10CFE200E8C5F5 /* Debug */,
				184EB9A21E10CFE200E8C5F5 /* Release */,
			);
			defaultConfigurationIsVisible = 0;
			defaultConfigurationName = Release;
		};
		184EB9A31E10CFE200E8C5F5 /* Build configuration list for PBXNativeTarget "hw3 - MRT Stations" */ = {
			isa = XCConfigurationList;
			buildConfigurations = (
				184EB9A41E10CFE200E8C5F5 /* Debug */,
				184EB9A51E10CFE200E8C5F5 /* Release */,
			);
			defaultConfigurationIsVisible = 0;
			defaultConfigurationName = Release;
		};
/* End XCConfigurationList section */
	};
	rootObject = 184EB9861E10CFE200E8C5F5 /* Project object */;
}
